
Microsoft Visual Studio Solution File, Format Version 12.00
Project("{FAE04EC0-301F-11D3-BF4B-00C04F79EFBC}") = "Lab1", "Lab1\Lab1.csproj", "{06ECFF0D-8B9C-495E-BDC2-196D935664F0}"
EndProject
Project("{FAE04EC0-301F-11D3-BF4B-00C04F79EFBC}") = "UTest", "UTest\UTest.csproj", "{1233F45D-29CC-4E49-8874-60A80783E5DE}"
EndProject
Global
	GlobalSection(SolutionConfigurationPlatforms) = preSolution
		Debug|Any CPU = Debug|Any CPU
		Release|Any CPU = Release|Any CPU
	EndGlobalSection
	GlobalSection(ProjectConfigurationPlatforms) = postSolution
		{06ECFF0D-8B9C-495E-BDC2-196D935664F0}.Debug|Any CPU.ActiveCfg = Debug|Any CPU
		{06ECFF0D-8B9C-495E-BDC2-196D935664F0}.Debug|Any CPU.Build.0 = Debug|Any CPU
		{06ECFF0D-8B9C-495E-BDC2-196D935664F0}.Release|Any CPU.ActiveCfg = Release|Any CPU
		{06ECFF0D-8B9C-495E-BDC2-196D935664F0}.Release|Any CPU.Build.0 = Release|Any CPU
		{1233F45D-29CC-4E49-8874-60A80783E5DE}.Debug|Any CPU.ActiveCfg = Debug|Any CPU
		{1233F45D-29CC-4E49-8874-60A80783E5DE}.Debug|Any CPU.Build.0 = Debug|Any CPU
		{1233F45D-29CC-4E49-8874-60A80783E5DE}.Release|Any CPU.ActiveCfg = Release|Any CPU
		{1233F45D-29CC-4E49-8874-60A80783E5DE}.Release|Any CPU.Build.0 = Release|Any CPU
	EndGlobalSection
EndGlobal
